MODULE=AfriWhatsApp
STATUS=PLATFORM_CORE_LOCKED
VERSION=v1

MODE=INTERNAL_AND_B2B_PLATFORM

OWNER=AfriDigital

PRIMARY_RUNTIME=AfriWhatsAppRuntime
AI_ENGINE=AfriAIConversationRuntime
PROVIDER=MetaWhatsAppProvider

ARCHITECTURE_BOUNDARIES=
Webhook_Ingestion,
Payload_Normalization,
Conversation_Runtime,
Provider_Delivery,
Business_API,
Plugin_System,
Tenant_Isolation,
Analytics,
Billing

SUPPORTED_CHANNELS=
WhatsApp,
Web,
Mobile,
Admin,
InternalOperations

BUSINESS_MODEL=
External_Business_API,
Plugin_Ecosystem,
Multi_Tenant_Workspaces,
Enterprise_Integrations

PLUGIN_READY=true

META_DEPENDENCY=
Official_WhatsApp_Cloud_API_ONLY

COMPLIANCE_READY_PATH=
Business_Verification,
App_Review,
Privacy_Policy,
Messaging_Compliance

RULES=
NO_DUPLICATE_WHATSAPP_PIPELINES,
NO_LEGACY_PROVIDER_RUNTIME,
ONE_CANONICAL_AFRIWHATSAPP_CORE,
PROVIDER_LAYER_MUST_STAY_ISOLATED

CREATED=2026-07-27
