PROJECT=AfriDesign Studio

STATUS=ARCHITECTURE_FROZEN

RULES:
NO_DUPLICATE_SHELLS
NO_DUPLICATE_ROUTERS
NO_DUPLICATE_EXPLORERS
NO_DUPLICATE_DOCKS
NO_DUPLICATE_PROPERTIES

CANONICAL:
PlatformShell
PlatformWorkspaceRouter
PlatformExplorer
PlatformDock
PlatformPropertiesPanel

EXTENSION_MODEL:
REGISTRY_FIRST

EXPLORER_OWNER:
PlatformExplorer

EXPLORER_ENGINE:
ProjectExplorerRegistry
ProjectExplorerController
ProjectExplorerStore

MIGRATION_PENDING:
dashboard/partials/explorer/ProjectExplorerSidebar.jsx

ALL_NEW_FEATURES:
MUST_EXTEND_EXISTING_CANONICAL_SYSTEMS
